
Microsoft Visual Studio Solution File, Format Version 12.00
# Visual Studio Version 17
VisualStudioVersion = 17.2.32630.192
MinimumVisualStudioVersion = 10.0.40219.1
Project("{FAE04EC0-301F-11D3-BF4B-00C04F79EFBC}") = "Best9Instagram.Android", "Best9Instagram\Best9Instagram.Android\Best9Instagram.Android.csproj", "{5B880CF2-7E83-4D04-AD69-0CF8C3EAC372}"
EndProject
Project("{FAE04EC0-301F-11D3-BF4B-00C04F79EFBC}") = "Best9Instagram.iOS", "Best9Instagram\Best9Instagram.iOS\Best9Instagram.iOS.csproj", "{AA4379E9-25B8-4B33-8652-E02E36F7859A}"
EndProject
Project("{FAE04EC0-301F-11D3-BF4B-00C04F79EFBC}") = "Best9Instagram", "Best9Instagram\Best9Instagram\Best9Instagram.csproj", "{51782CB1-0DC5-4A74-9585-7A619EDB1CD2}"
EndProject
Global
	GlobalSection(SolutionConfigurationPlatforms) = preSolution
		Debug|Any CPU = Debug|Any CPU
		Debug|iPhone = Debug|iPhone
		Debug|iPhoneSimulator = Debug|iPhoneSimulator
		Release|Any CPU = Release|Any CPU
		Release|iPhone = Release|iPhone
		Release|iPhoneSimulator = Release|iPhoneSimulator
	EndGlobalSection
	GlobalSection(ProjectConfigurationPlatforms) = postSolution
		{5B880CF2-7E83-4D04-AD69-0CF8C3EAC372}.Debug|Any CPU.ActiveCfg = Debug|Any CPU
		{5B880CF2-7E83-4D04-AD69-0CF8C3EAC372}.Debug|Any CPU.Build.0 = Debug|Any CPU
		{5B880CF2-7E83-4D04-AD69-0CF8C3EAC372}.Debug|Any CPU.Deploy.0 = Debug|Any CPU
		{5B880CF2-7E83-4D04-AD69-0CF8C3EAC372}.Debug|iPhone.ActiveCfg = Debug|Any CPU
		{5B880CF2-7E83-4D04-AD69-0CF8C3EAC372}.Debug|iPhone.Build.0 = Debug|Any CPU
		{5B880CF2-7E83-4D04-AD69-0CF8C3EAC372}.Debug|iPhone.Deploy.0 = Debug|Any CPU
		{5B880CF2-7E83-4D04-AD69-0CF8C3EAC372}.Debug|iPhoneSimulator.ActiveCfg = Debug|Any CPU
		{5B880CF2-7E83-4D04-AD69-0CF8C3EAC372}.Debug|iPhoneSimulator.Build.0 = Debug|Any CPU
		{5B880CF2-7E83-4D04-AD69-0CF8C3EAC372}.Debug|iPhoneSimulator.Deploy.0 = Debug|Any CPU
		{5B880CF2-7E83-4D04-AD69-0CF8C3EAC372}.Release|Any CPU.ActiveCfg = Release|Any CPU
		{5B880CF2-7E83-4D04-AD69-0CF8C3EAC372}.Release|Any CPU.Build.0 = Release|Any CPU
		{5B880CF2-7E83-4D04-AD69-0CF8C3EAC372}.Release|Any CPU.Deploy.0 = Release|Any CPU
		{5B880CF2-7E83-4D04-AD69-0CF8C3EAC372}.Release|iPhone.ActiveCfg = Release|Any CPU
		{5B880CF2-7E83-4D04-AD69-0CF8C3EAC372}.Release|iPhone.Build.0 = Release|Any CPU
		{5B880CF2-7E83-4D04-AD69-0CF8C3EAC372}.Release|iPhone.Deploy.0 = Release|Any CPU
		{5B880CF2-7E83-4D04-AD69-0CF8C3EAC372}.Release|iPhoneSimulator.ActiveCfg = Release|Any CPU
		{5B880CF2-7E83-4D04-AD69-0CF8C3EAC372}.Release|iPhoneSimulator.Build.0 = Release|Any CPU
		{5B880CF2-7E83-4D04-AD69-0CF8C3EAC372}.Release|iPhoneSimulator.Deploy.0 = Release|Any CPU
		{AA4379E9-25B8-4B33-8652-E02E36F7859A}.Debug|Any CPU.ActiveCfg = Debug|iPhone
		{AA4379E9-25B8-4B33-8652-E02E36F7859A}.Debug|Any CPU.Build.0 = Debug|iPhone
		{AA4379E9-25B8-4B33-8652-E02E36F7859A}.Debug|Any CPU.Deploy.0 = Debug|iPhone
		{AA4379E9-25B8-4B33-8652-E02E36F7859A}.Debug|iPhone.ActiveCfg = Debug|iPhone
		{AA4379E9-25B8-4B33-8652-E02E36F7859A}.Debug|iPhone.Build.0 = Debug|iPhone
		{AA4379E9-25B8-4B33-8652-E02E36F7859A}.Debug|iPhone.Deploy.0 = Debug|iPhone
		{AA4379E9-25B8-4B33-8652-E02E36F7859A}.Debug|iPhoneSimulator.ActiveCfg = Debug|iPhoneSimulator
		{AA4379E9-25B8-4B33-8652-E02E36F7859A}.Debug|iPhoneSimulator.Build.0 = Debug|iPhoneSimulator
		{AA4379E9-25B8-4B33-8652-E02E36F7859A}.Debug|iPhoneSimulator.Deploy.0 = Debug|iPhoneSimulator
		{AA4379E9-25B8-4B33-8652-E02E36F7859A}.Release|Any CPU.ActiveCfg = Release|iPhoneSimulator
		{AA4379E9-25B8-4B33-8652-E02E36F7859A}.Release|Any CPU.Build.0 = Release|iPhoneSimulator
		{AA4379E9-25B8-4B33-8652-E02E36F7859A}.Release|Any CPU.Deploy.0 = Release|iPhoneSimulator
		{AA4379E9-25B8-4B33-8652-E02E36F7859A}.Release|iPhone.ActiveCfg = Release|iPhone
		{AA4379E9-25B8-4B33-8652-E02E36F7859A}.Release|iPhone.Build.0 = Release|iPhone
		{AA4379E9-25B8-4B33-8652-E02E36F7859A}.Release|iPhone.Deploy.0 = Release|iPhone
		{AA4379E9-25B8-4B33-8652-E02E36F7859A}.Release|iPhoneSimulator.ActiveCfg = Release|iPhoneSimulator
		{AA4379E9-25B8-4B33-8652-E02E36F7859A}.Release|iPhoneSimulator.Build.0 = Release|iPhoneSimulator
		{AA4379E9-25B8-4B33-8652-E02E36F7859A}.Release|iPhoneSimulator.Deploy.0 = Release|iPhoneSimulator
		{51782CB1-0DC5-4A74-9585-7A619EDB1CD2}.Debug|Any CPU.ActiveCfg = Debug|Any CPU
		{51782CB1-0DC5-4A74-9585-7A619EDB1CD2}.Debug|Any CPU.Build.0 = Debug|Any CPU
		{51782CB1-0DC5-4A74-9585-7A619EDB1CD2}.Debug|Any CPU.Deploy.0 = Debug|Any CPU
		{51782CB1-0DC5-4A74-9585-7A619EDB1CD2}.Debug|iPhone.ActiveCfg = Debug|Any CPU
		{51782CB1-0DC5-4A74-9585-7A619EDB1CD2}.Debug|iPhone.Build.0 = Debug|Any CPU
		{51782CB1-0DC5-4A74-9585-7A619EDB1CD2}.Debug|iPhone.Deploy.0 = Debug|Any CPU
		{51782CB1-0DC5-4A74-9585-7A619EDB1CD2}.Debug|iPhoneSimulator.ActiveCfg = Debug|Any CPU
		{51782CB1-0DC5-4A74-9585-7A619EDB1CD2}.Debug|iPhoneSimulator.Build.0 = Debug|Any CPU
		{51782CB1-0DC5-4A74-9585-7A619EDB1CD2}.Debug|iPhoneSimulator.Deploy.0 = Debug|Any CPU
		{51782CB1-0DC5-4A74-9585-7A619EDB1CD2}.Release|Any CPU.ActiveCfg = Release|Any CPU
		{51782CB1-0DC5-4A74-9585-7A619EDB1CD2}.Release|Any CPU.Build.0 = Release|Any CPU
		{51782CB1-0DC5-4A74-9585-7A619EDB1CD2}.Release|Any CPU.Deploy.0 = Release|Any CPU
		{51782CB1-0DC5-4A74-9585-7A619EDB1CD2}.Release|iPhone.ActiveCfg = Release|Any CPU
		{51782CB1-0DC5-4A74-9585-7A619EDB1CD2}.Release|iPhone.Build.0 = Release|Any CPU
		{51782CB1-0DC5-4A74-9585-7A619EDB1CD2}.Release|iPhone.Deploy.0 = Release|Any CPU
		{51782CB1-0DC5-4A74-9585-7A619EDB1CD2}.Release|iPhoneSimulator.ActiveCfg = Release|Any CPU
		{51782CB1-0DC5-4A74-9585-7A619EDB1CD2}.Release|iPhoneSimulator.Build.0 = Release|Any CPU
		{51782CB1-0DC5-4A74-9585-7A619EDB1CD2}.Release|iPhoneSimulator.Deploy.0 = Release|Any CPU
	EndGlobalSection
	GlobalSection(SolutionProperties) = preSolution
		HideSolutionNode = FALSE
	EndGlobalSection
	GlobalSection(ExtensibilityGlobals) = postSolution
		SolutionGuid = {F6057C51-8104-4C20-82B1-6E0D9B1E298E}
	EndGlobalSection
EndGlobal
